
Microsoft Visual Studio Solution File, Format Version 12.00
# Visual Studio Version 16
VisualStudioVersion = 16.0.29920.165
MinimumVisualStudioVersion = 10.0.40219.1
Project("{FAE04EC0-301F-11D3-BF4B-00C04F79EFBC}") = "TesteDa", "TesteDa\TesteDa.csproj", "{B7121539-314F-46C1-9DFD-E436CEA42FB9}"
EndProject
Project("{FAE04EC0-301F-11D3-BF4B-00C04F79EFBC}") = "UserInterface", "frmLogin\UserInterface.csproj", "{BD86D41C-209C-4D99-A325-6249CAA0A6DC}"
EndProject
Project("{FAE04EC0-301F-11D3-BF4B-00C04F79EFBC}") = "UtilClasses", "UtilClasses\UtilClasses.csproj", "{8EFA7638-784C-4752-AACF-12ABF9DE22B8}"
EndProject
Global
	GlobalSection(SolutionConfigurationPlatforms) = preSolution
		Debug|Any CPU = Debug|Any CPU
		Release|Any CPU = Release|Any CPU
	EndGlobalSection
	GlobalSection(ProjectConfigurationPlatforms) = postSolution
		{B7121539-314F-46C1-9DFD-E436CEA42FB9}.Debug|Any CPU.ActiveCfg = Debug|Any CPU
		{B7121539-314F-46C1-9DFD-E436CEA42FB9}.Debug|Any CPU.Build.0 = Debug|Any CPU
		{B7121539-314F-46C1-9DFD-E436CEA42FB9}.Release|Any CPU.ActiveCfg = Release|Any CPU
		{B7121539-314F-46C1-9DFD-E436CEA42FB9}.Release|Any CPU.Build.0 = Release|Any CPU
		{BD86D41C-209C-4D99-A325-6249CAA0A6DC}.Debug|Any CPU.ActiveCfg = Debug|Any CPU
		{BD86D41C-209C-4D99-A325-6249CAA0A6DC}.Debug|Any CPU.Build.0 = Debug|Any CPU
		{BD86D41C-209C-4D99-A325-6249CAA0A6DC}.Release|Any CPU.ActiveCfg = Release|Any CPU
		{BD86D41C-209C-4D99-A325-6249CAA0A6DC}.Release|Any CPU.Build.0 = Release|Any CPU
		{8EFA7638-784C-4752-AACF-12ABF9DE22B8}.Debug|Any CPU.ActiveCfg = Debug|Any CPU
		{8EFA7638-784C-4752-AACF-12ABF9DE22B8}.Debug|Any CPU.Build.0 = Debug|Any CPU
		{8EFA7638-784C-4752-AACF-12ABF9DE22B8}.Release|Any CPU.ActiveCfg = Release|Any CPU
		{8EFA7638-784C-4752-AACF-12ABF9DE22B8}.Release|Any CPU.Build.0 = Release|Any CPU
	EndGlobalSection
	GlobalSection(SolutionProperties) = preSolution
		HideSolutionNode = FALSE
	EndGlobalSection
	GlobalSection(ExtensibilityGlobals) = postSolution
		SolutionGuid = {AC0B51F0-D78B-4905-A678-D7393FA894F4}
	EndGlobalSection
EndGlobal
